
Microsoft Visual Studio Solution File, Format Version 12.00
# Visual Studio Version 16
VisualStudioVersion = 16.0.30717.126
MinimumVisualStudioVersion = 10.0.40219.1
Project("{9A19103F-16F7-4668-BE54-9A1E7A4F7556}") = "Googman.TinkoffRajah.ClientApp", "Googman.TinkoffRajah.ClientApp\Googman.TinkoffRajah.ClientApp.csproj", "{67BF674A-1E8A-4DD0-BFC7-8023BE1E34F1}"
EndProject
Project("{9A19103F-16F7-4668-BE54-9A1E7A4F7556}") = "Googman.TinkoffRajah.Domain", "Googman.TinkoffRajah.Domain\Googman.TinkoffRajah.Domain.csproj", "{299BFEF1-C51A-4B59-BB0F-A60E18175B10}"
EndProject
Project("{9A19103F-16F7-4668-BE54-9A1E7A4F7556}") = "Googman.TinkoffRajah.Logic", "Googman.TinkoffRajah.Logic\Googman.TinkoffRajah.Logic.csproj", "{8467E2BB-A6F9-43D4-8351-0808C575775E}"
EndProject
Global
	GlobalSection(SolutionConfigurationPlatforms) = preSolution
		Debug|Any CPU = Debug|Any CPU
		Release|Any CPU = Release|Any CPU
	EndGlobalSection
	GlobalSection(ProjectConfigurationPlatforms) = postSolution
		{67BF674A-1E8A-4DD0-BFC7-8023BE1E34F1}.Debug|Any CPU.ActiveCfg = Debug|Any CPU
		{67BF674A-1E8A-4DD0-BFC7-8023BE1E34F1}.Debug|Any CPU.Build.0 = Debug|Any CPU
		{67BF674A-1E8A-4DD0-BFC7-8023BE1E34F1}.Release|Any CPU.ActiveCfg = Release|Any CPU
		{67BF674A-1E8A-4DD0-BFC7-8023BE1E34F1}.Release|Any CPU.Build.0 = Release|Any CPU
		{299BFEF1-C51A-4B59-BB0F-A60E18175B10}.Debug|Any CPU.ActiveCfg = Debug|Any CPU
		{299BFEF1-C51A-4B59-BB0F-A60E18175B10}.Debug|Any CPU.Build.0 = Debug|Any CPU
		{299BFEF1-C51A-4B59-BB0F-A60E18175B10}.Release|Any CPU.ActiveCfg = Release|Any CPU
		{299BFEF1-C51A-4B59-BB0F-A60E18175B10}.Release|Any CPU.Build.0 = Release|Any CPU
		{8467E2BB-A6F9-43D4-8351-0808C575775E}.Debug|Any CPU.ActiveCfg = Debug|Any CPU
		{8467E2BB-A6F9-43D4-8351-0808C575775E}.Debug|Any CPU.Build.0 = Debug|Any CPU
		{8467E2BB-A6F9-43D4-8351-0808C575775E}.Release|Any CPU.ActiveCfg = Release|Any CPU
		{8467E2BB-A6F9-43D4-8351-0808C575775E}.Release|Any CPU.Build.0 = Release|Any CPU
	EndGlobalSection
	GlobalSection(SolutionProperties) = preSolution
		HideSolutionNode = FALSE
	EndGlobalSection
	GlobalSection(ExtensibilityGlobals) = postSolution
		SolutionGuid = {A39BDCD3-065F-47E4-853F-847827257402}
	EndGlobalSection
EndGlobal
